
Microsoft Visual Studio Solution File, Format Version 12.00
# Visual Studio Version 17
VisualStudioVersion = 17.3.32929.385
MinimumVisualStudioVersion = 10.0.40219.1
Project("{FAE04EC0-301F-11D3-BF4B-00C04F79EFBC}") = "E-LibraryManagment", "WebAppl\E-LibraryManagment.csproj", "{525907DA-3E05-429B-AB37-789A8A32268C}"
EndProject
Project("{9A19103F-16F7-4668-BE54-9A1E7A4F7556}") = "web api", "..\web api\web api.csproj", "{C39F3440-ABB4-4CBD-8A7A-175954A7363D}"
EndProject
Global
	GlobalSection(SolutionConfigurationPlatforms) = preSolution
		Debug|Any CPU = Debug|Any CPU
		Release|Any CPU = Release|Any CPU
	EndGlobalSection
	GlobalSection(ProjectConfigurationPlatforms) = postSolution
		{525907DA-3E05-429B-AB37-789A8A32268C}.Debug|Any CPU.ActiveCfg = Debug|Any CPU
		{525907DA-3E05-429B-AB37-789A8A32268C}.Debug|Any CPU.Build.0 = Debug|Any CPU
		{525907DA-3E05-429B-AB37-789A8A32268C}.Release|Any CPU.ActiveCfg = Release|Any CPU
		{525907DA-3E05-429B-AB37-789A8A32268C}.Release|Any CPU.Build.0 = Release|Any CPU
		{C39F3440-ABB4-4CBD-8A7A-175954A7363D}.Debug|Any CPU.ActiveCfg = Debug|Any CPU
		{C39F3440-ABB4-4CBD-8A7A-175954A7363D}.Debug|Any CPU.Build.0 = Debug|Any CPU
		{C39F3440-ABB4-4CBD-8A7A-175954A7363D}.Release|Any CPU.ActiveCfg = Release|Any CPU
		{C39F3440-ABB4-4CBD-8A7A-175954A7363D}.Release|Any CPU.Build.0 = Release|Any CPU
	EndGlobalSection
	GlobalSection(SolutionProperties) = preSolution
		HideSolutionNode = FALSE
	EndGlobalSection
	GlobalSection(ExtensibilityGlobals) = postSolution
		SolutionGuid = {1EB410F1-D557-4ACD-BD2B-7D6559F37474}
	EndGlobalSection
EndGlobal
